Microsoft Visual Studio Solution File, Format Version 12.00
# Visual Studio Version 17
VisualStudioVersion = 17.0.31611.283
MinimumVisualStudioVersion = 10.0.40219.1
Project("{9A19103F-16F7-4668-BE54-9A1E7A4F7556}") = "CSGO-ServerManager-Extended", "CSGO-ServerManager-Extended\CSGO-ServerManager-Extended.csproj", "{FC010FC7-28B7-4AF0-8782-3D8D54639A3C}"
EndProject
Project("{9A19103F-16F7-4668-BE54-9A1E7A4F7556}") = "ServerManagerTests", "ServerManagerTests\ServerManagerTests.csproj", "{CBCA356F-CB84-4487-9ECC-FDE183E972F4}"
EndProject
Project("{9A19103F-16F7-4668-BE54-9A1E7A4F7556}") = "CsgoServerInterface", "CsgoServerInterface\CsgoServerInterface.csproj", "{BD47FDB4-D626-4C91-B135-3D847AD0C2A4}"
EndProject
Global
	GlobalSection(SolutionConfigurationPlatforms) = preSolution
		Debug|Any CPU = Debug|Any CPU
		Release|Any CPU = Release|Any CPU
	EndGlobalSection
	GlobalSection(ProjectConfigurationPlatforms) = postSolution
		{FC010FC7-28B7-4AF0-8782-3D8D54639A3C}.Debug|Any CPU.ActiveCfg = Debug|Any CPU
		{FC010FC7-28B7-4AF0-8782-3D8D54639A3C}.Debug|Any CPU.Build.0 = Debug|Any CPU
		{FC010FC7-28B7-4AF0-8782-3D8D54639A3C}.Debug|Any CPU.Deploy.0 = Debug|Any CPU
		{FC010FC7-28B7-4AF0-8782-3D8D54639A3C}.Release|Any CPU.ActiveCfg = Release|Any CPU
		{FC010FC7-28B7-4AF0-8782-3D8D54639A3C}.Release|Any CPU.Build.0 = Release|Any CPU
		{FC010FC7-28B7-4AF0-8782-3D8D54639A3C}.Release|Any CPU.Deploy.0 = Release|Any CPU
		{CBCA356F-CB84-4487-9ECC-FDE183E972F4}.Debug|Any CPU.ActiveCfg = Debug|Any CPU
		{CBCA356F-CB84-4487-9ECC-FDE183E972F4}.Debug|Any CPU.Build.0 = Debug|Any CPU
		{CBCA356F-CB84-4487-9ECC-FDE183E972F4}.Release|Any CPU.ActiveCfg = Release|Any CPU
		{CBCA356F-CB84-4487-9ECC-FDE183E972F4}.Release|Any CPU.Build.0 = Release|Any CPU
		{BD47FDB4-D626-4C91-B135-3D847AD0C2A4}.Debug|Any CPU.ActiveCfg = Debug|Any CPU
		{BD47FDB4-D626-4C91-B135-3D847AD0C2A4}.Debug|Any CPU.Build.0 = Debug|Any CPU
		{BD47FDB4-D626-4C91-B135-3D847AD0C2A4}.Release|Any CPU.ActiveCfg = Release|Any CPU
		{BD47FDB4-D626-4C91-B135-3D847AD0C2A4}.Release|Any CPU.Build.0 = Release|Any CPU
	EndGlobalSection
	GlobalSection(SolutionProperties) = preSolution
		HideSolutionNode = FALSE
	EndGlobalSection
	GlobalSection(ExtensibilityGlobals) = postSolution
		SolutionGuid = {61F7FB11-1E47-470C-91E2-47F8143E1572}
	EndGlobalSection
EndGlobal
